// !$*UTF8*$!
{
	archiveVersion = 1;
	classes = {
	};
	objectVersion = 50;
	objects = {

/* Begin PBXBuildFile section */
		5212F5C820A5C7D20046F2DF /* readerData.json in Resources */ = {isa = PBXBuildFile; fileRef = 5212F5C720A5C7D20046F2DF /* readerData.json */; };
		521A0DE120B1BAA000304004 /* AppAlert.swift in Sources */ = {isa = PBXBuildFile; fileRef = 521A0DE020B1BAA000304004 /* AppAlert.swift */; };
		523B8E4020A055C900FE570A /* AppTableViewCell.swift in Sources */ = {isa = PBXBuildFile; fileRef = 523B8E3F20A055C900FE570A /* AppTableViewCell.swift */; };
		523E2CC120A910C2006909C1 /* AppListContainer.swift in Sources */ = {isa = PBXBuildFile; fileRef = 523E2CC020A910C2006909C1 /* AppListContainer.swift */; };
		523E2CC320A910D7006909C1 /* AppInfo.swift in Sources */ = {isa = PBXBuildFile; fileRef = 523E2CC220A910D7006909C1 /* AppInfo.swift */; };
		529C14A520AECBB80079DE7A /* Constant.swift in Sources */ = {isa = PBXBuildFile; fileRef = 529C14A420AECBB80079DE7A /* Constant.swift */; };
		529C14A720AEF9BA0079DE7A /* ImageDownloader.swift in Sources */ = {isa = PBXBuildFile; fileRef = 529C14A620AEF9B90079DE7A /* ImageDownloader.swift */; };
		52B5519E209E989E00555273 /* AppDelegate.swift in Sources */ = {isa = PBXBuildFile; fileRef = 52B5519D209E989E00555273 /* AppDelegate.swift */; };
		52B551A0209E989E00555273 /* ViewController.swift in Sources */ = {isa = PBXBuildFile; fileRef = 52B5519F209E989E00555273 /* ViewController.swift */; };
		52B551A3209E989E00555273 /* Main.storyboard in Resources */ = {isa = PBXBuildFile; fileRef = 52B551A1209E989E00555273 /* Main.storyboard */; };
		52B551A5209E98A900555273 /* Assets.xcassets in Resources */ = {isa = PBXBuildFile; fileRef = 52B551A4209E98A900555273 /* Assets.xcassets */; };
		52B551A8209E98A900555273 /* LaunchScreen.storyboard in Resources */ = {isa = PBXBuildFile; fileRef = 52B551A6209E98A900555273 /* LaunchScreen.storyboard */; };
		52B551B3209E98A900555273 /* itunesReaderTests.swift in Sources */ = {isa = PBXBuildFile; fileRef = 52B551B2209E98A900555273 /* itunesReaderTests.swift */; };
		52FA599D20A856E100800471 /* IRequest.swift in Sources */ = {isa = PBXBuildFile; fileRef = 52FA599C20A856E100800471 /* IRequest.swift */; };
		52FA599F20A856F100800471 /* AppError.swift in Sources */ = {isa = PBXBuildFile; fileRef = 52FA599E20A856F100800471 /* AppError.swift */; };
		52FA59A120A8571A00800471 /* RequestHandler.swift in Sources */ = {isa = PBXBuildFile; fileRef = 52FA59A020A8571A00800471 /* RequestHandler.swift */; };
		52FA59A320A8573000800471 /* JsonParser.swift in Sources */ = {isa = PBXBuildFile; fileRef = 52FA59A220A8573000800471 /* JsonParser.swift */; };
		52FA59A520A8574200800471 /* Result.swift in Sources */ = {isa = PBXBuildFile; fileRef = 52FA59A420A8574200800471 /* Result.swift */; };
		52FA59A720A8582B00800471 /* AppListViewModel.swift in Sources */ = {isa = PBXBuildFile; fileRef = 52FA59A620A8582B00800471 /* AppListViewModel.swift */; };
		52FA59A920A8583800800471 /* AppListModel.swift in Sources */ = {isa = PBXBuildFile; fileRef = 52FA59A820A8583800800471 /* AppListModel.swift */; };
		52FA59AB20A8584800800471 /* AppListRequest.swift in Sources */ = {isa = PBXBuildFile; fileRef = 52FA59AA20A8584800800471 /* AppListRequest.swift */; };
/* End PBXBuildFile section */

/* Begin PBXContainerItemProxy section */
		52B551AF209E98A900555273 /* PBXContainerItemProxy */ = {
			isa = PBXContainerItemProxy;
			containerPortal = 52B55192209E989E00555273 /* Project object */;
			proxyType = 1;
			remoteGlobalIDString = 52B55199209E989E00555273;
			remoteInfo = itunesReader;
		};
/* End PBXContainerItemProxy section */

/* Begin PBXFileReference section */
		5212F5C720A5C7D20046F2DF /* readerData.json */ = {isa = PBXFileReference; lastKnownFileType = text.json; path = readerData.json; sourceTree = "<group>"; };
		521A0DE020B1BAA000304004 /* AppAlert.swift */ = {isa = PBXFileReference; lastKnownFileType = sourcecode.swift; path = AppAlert.swift; sourceTree = "<group>"; };
		523B8E3F20A055C900FE570A /* AppTableViewCell.swift */ = {isa = PBXFileReference; lastKnownFileType = sourcecode.swift; path = AppTableViewCell.swift; sourceTree = "<group>"; };
		523E2CC020A910C2006909C1 /* AppListContainer.swift */ = {isa = PBXFileReference; lastKnownFileType = sourcecode.swift; path = AppListContainer.swift; sourceTree = "<group>"; };
		523E2CC220A910D7006909C1 /* AppInfo.swift */ = {isa = PBXFileReference; lastKnownFileType = sourcecode.swift; path = AppInfo.swift; sourceTree = "<group>"; };
		529C14A420AECBB80079DE7A /* Constant.swift */ = {isa = PBXFileReference; lastKnownFileType = sourcecode.swift; path = Constant.swift; sourceTree = "<group>"; };
		529C14A620AEF9B90079DE7A /* ImageDownloader.swift */ = {isa = PBXFileReference; lastKnownFileType = sourcecode.swift; path = ImageDownloader.swift; sourceTree = "<group>"; };
		52B5519A209E989E00555273 /* itunesReader.app */ = {isa = PBXFileReference; explicitFileType = wrapper.application; includeInIndex = 0; path = itunesReader.app; sourceTree = BUILT_PRODUCTS_DIR; };
		52B5519D209E989E00555273 /* AppDelegate.swift */ = {isa = PBXFileReference; lastKnownFileType = sourcecode.swift; path = AppDelegate.swift; sourceTree = "<group>"; };
		52B5519F209E989E00555273 /* ViewController.swift */ = {isa = PBXFileReference; lastKnownFileType = sourcecode.swift; path = ViewController.swift; sourceTree = "<group>"; };
		52B551A2209E989E00555273 /* Base */ = {isa = PBXFileReference; lastKnownFileType = file.storyboard; name = Base; path = Base.lproj/Main.storyboard; sourceTree = "<group>"; };
		52B551A4209E98A900555273 /* Assets.xcassets */ = {isa = PBXFileReference; lastKnownFileType = folder.assetcatalog; path = Assets.xcassets; sourceTree = "<group>"; };
		52B551A7209E98A900555273 /* Base */ = {isa = PBXFileReference; lastKnownFileType = file.storyboard; name = Base; path = Base.lproj/LaunchScreen.storyboard; sourceTree = "<group>"; };
		52B551A9209E98A900555273 /* Info.plist */ = {isa = PBXFileReference; lastKnownFileType = text.plist.xml; path = Info.plist; sourceTree = "<group>"; };
		52B551AE209E98A900555273 /* itunesReaderTests.xctest */ = {isa = PBXFileReference; explicitFileType = wrapper.cfbundle; includeInIndex = 0; path = itunesReaderTests.xctest; sourceTree = BUILT_PRODUCTS_DIR; };
		52B551B2209E98A900555273 /* itunesReaderTests.swift */ = {isa = PBXFileReference; lastKnownFileType = sourcecode.swift; path = itunesReaderTests.swift; sourceTree = "<group>"; };
		52B551B4209E98A900555273 /* Info.plist */ = {isa = PBXFileReference; lastKnownFileType = text.plist.xml; path = Info.plist; sourceTree = "<group>"; };
		52FA599C20A856E100800471 /* IRequest.swift */ = {isa = PBXFileReference; lastKnownFileType = sourcecode.swift; path = IRequest.swift; sourceTree = "<group>"; };
		52FA599E20A856F100800471 /* AppError.swift */ = {isa = PBXFileReference; lastKnownFileType = sourcecode.swift; path = AppError.swift; sourceTree = "<group>"; };
		52FA59A020A8571A00800471 /* RequestHandler.swift */ = {isa = PBXFileReference; lastKnownFileType = sourcecode.swift; path = RequestHandler.swift; sourceTree = "<group>"; };
		52FA59A220A8573000800471 /* JsonParser.swift */ = {isa = PBXFileReference; lastKnownFileType = sourcecode.swift; path = JsonParser.swift; sourceTree = "<group>"; };
		52FA59A420A8574200800471 /* Result.swift */ = {isa = PBXFileReference; lastKnownFileType = sourcecode.swift; path = Result.swift; sourceTree = "<group>"; };
		52FA59A620A8582B00800471 /* AppListViewModel.swift */ = {isa = PBXFileReference; lastKnownFileType = sourcecode.swift; path = AppListViewModel.swift; sourceTree = "<group>"; };
		52FA59A820A8583800800471 /* AppListModel.swift */ = {isa = PBXFileReference; lastKnownFileType = sourcecode.swift; path = AppListModel.swift; sourceTree = "<group>"; };
		52FA59AA20A8584800800471 /* AppListRequest.swift */ = {isa = PBXFileReference; lastKnownFileType = sourcecode.swift; path = AppListRequest.swift; sourceTree = "<group>"; };
/* End PBXFileReference section */

/* Begin PBXFrameworksBuildPhase section */
		52B55197209E989E00555273 /* Frameworks */ = {
			isa = PBXFrameworksBuildPhase;
			buildActionMask = 2147483647;
			files = (
			);
			runOnlyForDeploymentPostprocessing = 0;
		};
		52B551AB209E98A900555273 /* Frameworks */ = {
			isa = PBXFrameworksBuildPhase;
			buildActionMask = 2147483647;
			files = (
			);
			runOnlyForDeploymentPostprocessing = 0;
		};
/* End PBXFrameworksBuildPhase section */

/* Begin PBXGroup section */
		52B55191209E989E00555273 = {
			isa = PBXGroup;
			children = (
				52B5519C209E989E00555273 /* itunesReader */,
				52B551B1209E98A900555273 /* itunesReaderTests */,
				52B5519B209E989E00555273 /* Products */,
			);
			sourceTree = "<group>";
		};
		52B5519B209E989E00555273 /* Products */ = {
			isa = PBXGroup;
			children = (
				52B5519A209E989E00555273 /* itunesReader.app */,
				52B551AE209E98A900555273 /* itunesReaderTests.xctest */,
			);
			name = Products;
			sourceTree = "<group>";
		};
		52B5519C209E989E00555273 /* itunesReader */ = {
			isa = PBXGroup;
			children = (
				52FA599A20A8559000800471 /* Modules */,
				52FA599820A8554B00800471 /* Entity */,
				52FA599920A8554C00800471 /* InfraStructure */,
				52B5519D209E989E00555273 /* AppDelegate.swift */,
				52B551A1209E989E00555273 /* Main.storyboard */,
				52B551A4209E98A900555273 /* Assets.xcassets */,
				52B551A6209E98A900555273 /* LaunchScreen.storyboard */,
				52B551A9209E98A900555273 /* Info.plist */,
				529C14A420AECBB80079DE7A /* Constant.swift */,
			);
			path = itunesReader;
			sourceTree = "<group>";
		};
		52B551B1209E98A900555273 /* itunesReaderTests */ = {
			isa = PBXGroup;
			children = (
				52B551B2209E98A900555273 /* itunesReaderTests.swift */,
				52B551B4209E98A900555273 /* Info.plist */,
				5212F5C720A5C7D20046F2DF /* readerData.json */,
			);
			path = itunesReaderTests;
			sourceTree = "<group>";
		};
		52FA599820A8554B00800471 /* Entity */ = {
			isa = PBXGroup;
			children = (
				523E2CC020A910C2006909C1 /* AppListContainer.swift */,
				523E2CC220A910D7006909C1 /* AppInfo.swift */,
			);
			path = Entity;
			sourceTree = "<group>";
		};
		52FA599920A8554C00800471 /* InfraStructure */ = {
			isa = PBXGroup;
			children = (
				52FA599C20A856E100800471 /* IRequest.swift */,
				52FA599E20A856F100800471 /* AppError.swift */,
				52FA59A020A8571A00800471 /* RequestHandler.swift */,
				52FA59A220A8573000800471 /* JsonParser.swift */,
				52FA59A420A8574200800471 /* Result.swift */,
				521A0DE020B1BAA000304004 /* AppAlert.swift */,
			);
			path = InfraStructure;
			sourceTree = "<group>";
		};
		52FA599A20A8559000800471 /* Modules */ = {
			isa = PBXGroup;
			children = (
				52FA599B20A8559000800471 /* Applist */,
			);
			path = Modules;
			sourceTree = "<group>";
		};
		52FA599B20A8559000800471 /* Applist */ = {
			isa = PBXGroup;
			children = (
				52B5519F209E989E00555273 /* ViewController.swift */,
				523B8E3F20A055C900FE570A /* AppTableViewCell.swift */,
				52FA59A620A8582B00800471 /* AppListViewModel.swift */,
				52FA59A820A8583800800471 /* AppListModel.swift */,
				52FA59AA20A8584800800471 /* AppListRequest.swift */,
				529C14A620AEF9B90079DE7A /* ImageDownloader.swift */,
			);
			path = Applist;
			sourceTree = "<group>";
		};
/* End PBXGroup section */

/* Begin PBXNativeTarget section */
		52B55199209E989E00555273 /* itunesReader */ = {
			isa = PBXNativeTarget;
			buildConfigurationList = 52B551B7209E98A900555273 /* Build configuration list for PBXNativeTarget "itunesReader" */;
			buildPhases = (
				52B55196209E989E00555273 /* Sources */,
				52B55197209E989E00555273 /* Frameworks */,
				52B55198209E989E00555273 /* Resources */,
			);
			buildRules = (
			);
			dependencies = (
			);
			name = itunesReader;
			productName = itunesReader;
			productReference = 52B5519A209E989E00555273 /* itunesReader.app */;
			productType = "com.apple.product-type.application";
		};
		52B551AD209E98A900555273 /* itunesReaderTests */ = {
			isa = PBXNativeTarget;
			buildConfigurationList = 52B551BA209E98A900555273 /* Build configuration list for PBXNativeTarget "itunesReaderTests" */;
			buildPhases = (
				52B551AA209E98A900555273 /* Sources */,
				52B551AB209E98A900555273 /* Frameworks */,
				52B551AC209E98A900555273 /* Resources */,
			);
			buildRules = (
			);
			dependencies = (
				52B551B0209E98A900555273 /* PBXTargetDependency */,
			);
			name = itunesReaderTests;
			productName = itunesReaderTests;
			productReference = 52B551AE209E98A900555273 /* itunesReaderTests.xctest */;
			productType = "com.apple.product-type.bundle.unit-test";
		};
/* End PBXNativeTarget section */

/* Begin PBXProject section */
		52B55192209E989E00555273 /* Project object */ = {
			isa = PBXProject;
			attributes = {
				LastSwiftUpdateCheck = 0930;
				LastUpgradeCheck = 0930;
				ORGANIZATIONNAME = FreeWare;
				TargetAttributes = {
					52B55199209E989E00555273 = {
						CreatedOnToolsVersion = 9.3;
					};
					52B551AD209E98A900555273 = {
						CreatedOnToolsVersion = 9.3;
						TestTargetID = 52B55199209E989E00555273;
					};
				};
			};
			buildConfigurationList = 52B55195209E989E00555273 /* Build configuration list for PBXProject "itunesReader" */;
			compatibilityVersion = "Xcode 9.3";
			developmentRegion = en;
			hasScannedForEncodings = 0;
			knownRegions = (
				en,
				Base,
			);
			mainGroup = 52B55191209E989E00555273;
			productRefGroup = 52B5519B209E989E00555273 /* Products */;
			projectDirPath = "";
			projectRoot = "";
			targets = (
				52B55199209E989E00555273 /* itunesReader */,
				52B551AD209E98A900555273 /* itunesReaderTests */,
			);
		};
/* End PBXProject section */

/* Begin PBXResourcesBuildPhase section */
		52B55198209E989E00555273 /* Resources */ = {
			isa = PBXResourcesBuildPhase;
			buildActionMask = 2147483647;
			files = (
				52B551A8209E98A900555273 /* LaunchScreen.storyboard in Resources */,
				52B551A5209E98A900555273 /* Assets.xcassets in Resources */,
				52B551A3209E989E00555273 /* Main.storyboard in Resources */,
			);
			runOnlyForDeploymentPostprocessing = 0;
		};
		52B551AC209E98A900555273 /* Resources */ = {
			isa = PBXResourcesBuildPhase;
			buildActionMask = 2147483647;
			files = (
				5212F5C820A5C7D20046F2DF /* readerData.json in Resources */,
			);
			runOnlyForDeploymentPostprocessing = 0;
		};
/* End PBXResourcesBuildPhase section */

/* Begin PBXSourcesBuildPhase section */
		52B55196209E989E00555273 /* Sources */ = {
			isa = PBXSourcesBuildPhase;
			buildActionMask = 2147483647;
			files = (
				52B551A0209E989E00555273 /* ViewController.swift in Sources */,
				529C14A720AEF9BA0079DE7A /* ImageDownloader.swift in Sources */,
				521A0DE120B1BAA000304004 /* AppAlert.swift in Sources */,
				52B5519E209E989E00555273 /* AppDelegate.swift in Sources */,
				52FA59A120A8571A00800471 /* RequestHandler.swift in Sources */,
				52FA59A920A8583800800471 /* AppListModel.swift in Sources */,
				52FA599F20A856F100800471 /* AppError.swift in Sources */,
				523E2CC120A910C2006909C1 /* AppListContainer.swift in Sources */,
				523B8E4020A055C900FE570A /* AppTableViewCell.swift in Sources */,
				529C14A520AECBB80079DE7A /* Constant.swift in Sources */,
				52FA59A320A8573000800471 /* JsonParser.swift in Sources */,
				52FA59A720A8582B00800471 /* AppListViewModel.swift in Sources */,
				52FA59A520A8574200800471 /* Result.swift in Sources */,
				52FA59AB20A8584800800471 /* AppListRequest.swift in Sources */,
				523E2CC320A910D7006909C1 /* AppInfo.swift in Sources */,
				52FA599D20A856E100800471 /* IRequest.swift in Sources */,
			);
			runOnlyForDeploymentPostprocessing = 0;
		};
		52B551AA209E98A900555273 /* Sources */ = {
			isa = PBXSourcesBuildPhase;
			buildActionMask = 2147483647;
			files = (
				52B551B3209E98A900555273 /* itunesReaderTests.swift in Sources */,
			);
			runOnlyForDeploymentPostprocessing = 0;
		};
/* End PBXSourcesBuildPhase section */

/* Begin PBXTargetDependency section */
		52B551B0209E98A900555273 /* PBXTargetDependency */ = {
			isa = PBXTargetDependency;
			target = 52B55199209E989E00555273 /* itunesReader */;
			targetProxy = 52B551AF209E98A900555273 /* PBXContainerItemProxy */;
		};
/* End PBXTargetDependency section */

/* Begin PBXVariantGroup section */
		52B551A1209E989E00555273 /* Main.storyboard */ = {
			isa = PBXVariantGroup;
			children = (
				52B551A2209E989E00555273 /* Base */,
			);
			name = Main.storyboard;
			sourceTree = "<group>";
		};
		52B551A6209E98A900555273 /* LaunchScreen.storyboard */ = {
			isa = PBXVariantGroup;
			children = (
				52B551A7209E98A900555273 /* Base */,
			);
			name = LaunchScreen.storyboard;
			sourceTree = "<group>";
		};
/* End PBXVariantGroup section */

/* Begin XCBuildConfiguration section */
		52B551B5209E98A900555273 /* Debug */ = {
			isa = XCBuildConfiguration;
			buildSettings = {
				ALWAYS_SEARCH_USER_PATHS = NO;
				CLANG_ANALYZER_NONNULL = YES;
				CLANG_ANALYZER_NUMBER_OBJECT_CONVERSION = YES_AGGRESSIVE;
				CLANG_CXX_LANGUAGE_STANDARD = "gnu++14";
				CLANG_CXX_LIBRARY = "libc++";
				CLANG_ENABLE_MODULES = YES;
				CLANG_ENABLE_OBJC_ARC = YES;
				CLANG_ENABLE_OBJC_WEAK = YES;
				CLANG_WARN_BLOCK_CAPTURE_AUTORELEASING = YES;
				CLANG_WARN_BOOL_CONVERSION = YES;
				CLANG_WARN_COMMA = YES;
				CLANG_WARN_CONSTANT_CONVERSION = YES;
				CLANG_WARN_DEPRECATED_OBJC_IMPLEMENTATIONS = YES;
				CLANG_WARN_DIRECT_OBJC_ISA_USAGE = YES_ERROR;
				CLANG_WARN_DOCUMENTATION_COMMENTS = YES;
				CLANG_WARN_EMPTY_BODY = YES;
				CLANG_WARN_ENUM_CONVERSION = YES;
				CLANG_WARN_INFINITE_RECURSION = YES;
				CLANG_WARN_INT_CONVERSION = YES;
				CLANG_WARN_NON_LITERAL_NULL_CONVERSION = YES;
				CLANG_WARN_OBJC_IMPLICIT_RETAIN_SELF = YES;
				CLANG_WARN_OBJC_LITERAL_CONVERSION = YES;
				CLANG_WARN_OBJC_ROOT_CLASS = YES_ERROR;
				CLANG_WARN_RANGE_LOOP_ANALYSIS = YES;
				CLANG_WARN_STRICT_PROTOTYPES = YES;
				CLANG_WARN_SUSPICIOUS_MOVE = YES;
				CLANG_WARN_UNGUARDED_AVAILABILITY = YES_AGGRESSIVE;
				CLANG_WARN_UNREACHABLE_CODE = YES;
				CLANG_WARN__DUPLICATE_METHOD_MATCH = YES;
				CODE_SIGN_IDENTITY = "iPhone Developer";
				COPY_PHASE_STRIP = NO;
				DEBUG_INFORMATION_FORMAT = dwarf;
				ENABLE_STRICT_OBJC_MSGSEND = YES;
				ENABLE_TESTABILITY = YES;
				GCC_C_LANGUAGE_STANDARD = gnu11;
				GCC_DYNAMIC_NO_PIC = NO;
				GCC_NO_COMMON_BLOCKS = YES;
				GCC_OPTIMIZATION_LEVEL = 0;
				GCC_PREPROCESSOR_DEFINITIONS = (
					"DEBUG=1",
					"$(inherited)",
				);
				GCC_WARN_64_TO_32_BIT_CONVERSION = YES;
				GCC_WARN_ABOUT_RETURN_TYPE = YES_ERROR;
				GCC_WARN_UNDECLARED_SELECTOR = YES;
				GCC_WARN_UNINITIALIZED_AUTOS = YES_AGGRESSIVE;
				GCC_WARN_UNUSED_FUNCTION = YES;
				GCC_WARN_UNUSED_VARIABLE = YES;
				IPHONEOS_DEPLOYMENT_TARGET = 11.3;
				MTL_ENABLE_DEBUG_INFO = YES;
				ONLY_ACTIVE_ARCH = YES;
				SDKROOT = iphoneos;
				SWIFT_ACTIVE_COMPILATION_CONDITIONS = DEBUG;
				SWIFT_OPTIMIZATION_LEVEL = "-Onone";
			};
			name = Debug;
		};
		52B551B6209E98A900555273 /* Release */ = {
			isa = XCBuildConfiguration;
			buildSettings = {
				ALWAYS_SEARCH_USER_PATHS = NO;
				CLANG_ANALYZER_NONNULL = YES;
				CLANG_ANALYZER_NUMBER_OBJECT_CONVERSION = YES_AGGRESSIVE;
				CLANG_CXX_LANGUAGE_STANDARD = "gnu++14";
				CLANG_CXX_LIBRARY = "libc++";
				CLANG_ENABLE_MODULES = YES;
				CLANG_ENABLE_OBJC_ARC = YES;
				CLANG_ENABLE_OBJC_WEAK = YES;
				CLANG_WARN_BLOCK_CAPTURE_AUTORELEASING = YES;
				CLANG_WARN_BOOL_CONVERSION = YES;
				CLANG_WARN_COMMA = YES;
				CLANG_WARN_CONSTANT_CONVERSION = YES;
				CLANG_WARN_DEPRECATED_OBJC_IMPLEMENTATIONS = YES;
				CLANG_WARN_DIRECT_OBJC_ISA_USAGE = YES_ERROR;
				CLANG_WARN_DOCUMENTATION_COMMENTS = YES;
				CLANG_WARN_EMPTY_BODY = YES;
				CLANG_WARN_ENUM_CONVERSION = YES;
				CLANG_WARN_INFINITE_RECURSION = YES;
				CLANG_WARN_INT_CONVERSION = YES;
				CLANG_WARN_NON_LITERAL_NULL_CONVERSION = YES;
				CLANG_WARN_OBJC_IMPLICIT_RETAIN_SELF = YES;
				CLANG_WARN_OBJC_LITERAL_CONVERSION = YES;
				CLANG_WARN_OBJC_ROOT_CLASS = YES_ERROR;
				CLANG_WARN_RANGE_LOOP_ANALYSIS = YES;
				CLANG_WARN_STRICT_PROTOTYPES = YES;
				CLANG_WARN_SUSPICIOUS_MOVE = YES;
				CLANG_WARN_UNGUARDED_AVAILABILITY = YES_AGGRESSIVE;
				CLANG_WARN_UNREACHABLE_CODE = YES;
				CLANG_WARN__DUPLICATE_METHOD_MATCH = YES;
				CODE_SIGN_IDENTITY = "iPhone Developer";
				COPY_PHASE_STRIP = NO;
				DEBUG_INFORMATION_FORMAT = "dwarf-with-dsym";
				ENABLE_NS_ASSERTIONS = NO;
				ENABLE_STRICT_OBJC_MSGSEND = YES;
				GCC_C_LANGUAGE_STANDARD = gnu11;
				GCC_NO_COMMON_BLOCKS = YES;
				GCC_WARN_64_TO_32_BIT_CONVERSION = YES;
				GCC_WARN_ABOUT_RETURN_TYPE = YES_ERROR;
				GCC_WARN_UNDECLARED_SELECTOR = YES;
				GCC_WARN_UNINITIALIZED_AUTOS = YES_AGGRESSIVE;
				GCC_WARN_UNUSED_FUNCTION = YES;
				GCC_WARN_UNUSED_VARIABLE = YES;
				IPHONEOS_DEPLOYMENT_TARGET = 11.3;
				MTL_ENABLE_DEBUG_INFO = NO;
				SDKROOT = iphoneos;
				SWIFT_COMPILATION_MODE = wholemodule;
				SWIFT_OPTIMIZATION_LEVEL = "-O";
				VALIDATE_PRODUCT = YES;
			};
			name = Release;
		};
		52B551B8209E98A900555273 /* Debug */ = {
			isa = XCBuildConfiguration;
			buildSettings = {
				ASSETCATALOG_COMPILER_APPICON_NAME = AppIcon;
				CODE_SIGN_STYLE = Automatic;
				INFOPLIST_FILE = itunesReader/Info.plist;
				LD_RUNPATH_SEARCH_PATHS = (
					"$(inherited)",
					"@executable_path/Frameworks",
				);
				PRODUCT_BUNDLE_IDENTIFIER = com.sample.itunesReader;
				PRODUCT_NAME = "$(TARGET_NAME)";
				SWIFT_VERSION = 4.0;
				TARGETED_DEVICE_FAMILY = "1,2";
			};
			name = Debug;
		};
		52B551B9209E98A900555273 /* Release */ = {
			isa = XCBuildConfiguration;
			buildSettings = {
				ASSETCATALOG_COMPILER_APPICON_NAME = AppIcon;
				CODE_SIGN_STYLE = Automatic;
				INFOPLIST_FILE = itunesReader/Info.plist;
				LD_RUNPATH_SEARCH_PATHS = (
					"$(inherited)",
					"@executable_path/Frameworks",
				);
				PRODUCT_BUNDLE_IDENTIFIER = com.sample.itunesReader;
				PRODUCT_NAME = "$(TARGET_NAME)";
				SWIFT_VERSION = 4.0;
				TARGETED_DEVICE_FAMILY = "1,2";
			};
			name = Release;
		};
		52B551BB209E98A900555273 /* Debug */ = {
			isa = XCBuildConfiguration;
			buildSettings = {
				ALWAYS_EMBED_SWIFT_STANDARD_LIBRARIES = YES;
				BUNDLE_LOADER = "$(TEST_HOST)";
				CODE_SIGN_STYLE = Automatic;
				INFOPLIST_FILE = itunesReaderTests/Info.plist;
				LD_RUNPATH_SEARCH_PATHS = (
					"$(inherited)",
					"@executable_path/Frameworks",
					"@loader_path/Frameworks",
				);
				PRODUCT_BUNDLE_IDENTIFIER = com.sample.itunesReaderTests;
				PRODUCT_NAME = "$(TARGET_NAME)";
				SWIFT_VERSION = 4.0;
				TARGETED_DEVICE_FAMILY = "1,2";
				TEST_HOST = "$(BUILT_PRODUCTS_DIR)/itunesReader.app/itunesReader";
			};
			name = Debug;
		};
		52B551BC209E98A900555273 /* Release */ = {
			isa = XCBuildConfiguration;
			buildSettings = {
				ALWAYS_EMBED_SWIFT_STANDARD_LIBRARIES = YES;
				BUNDLE_LOADER = "$(TEST_HOST)";
				CODE_SIGN_STYLE = Automatic;
				INFOPLIST_FILE = itunesReaderTests/Info.plist;
				LD_RUNPATH_SEARCH_PATHS = (
					"$(inherited)",
					"@executable_path/Frameworks",
					"@loader_path/Frameworks",
				);
				PRODUCT_BUNDLE_IDENTIFIER = com.sample.itunesReaderTests;
				PRODUCT_NAME = "$(TARGET_NAME)";
				SWIFT_VERSION = 4.0;
				TARGETED_DEVICE_FAMILY = "1,2";
				TEST_HOST = "$(BUILT_PRODUCTS_DIR)/itunesReader.app/itunesReader";
			};
			name = Release;
		};
/* End XCBuildConfiguration section */

/* Begin XCConfigurationList section */
		52B55195209E989E00555273 /* Build configuration list for PBXProject "itunesReader" */ = {
			isa = XCConfigurationList;
			buildConfigurations = (
				52B551B5209E98A900555273 /* Debug */,
				52B551B6209E98A900555273 /* Release */,
			);
			defaultConfigurationIsVisible = 0;
			defaultConfigurationName = Release;
		};
		52B551B7209E98A900555273 /* Build configuration list for PBXNativeTarget "itunesReader" */ = {
			isa = XCConfigurationList;
			buildConfigurations = (
				52B551B8209E98A900555273 /* Debug */,
				52B551B9209E98A900555273 /* Release */,
			);
			defaultConfigurationIsVisible = 0;
			defaultConfigurationName = Release;
		};
		52B551BA209E98A900555273 /* Build configuration list for PBXNativeTarget "itunesReaderTests" */ = {
			isa = XCConfigurationList;
			buildConfigurations = (
				52B551BB209E98A900555273 /* Debug */,
				52B551BC209E98A900555273 /* Release */,
			);
			defaultConfigurationIsVisible = 0;
			defaultConfigurationName = Release;
		};
/* End XCConfigurationList section */
	};
	rootObject = 52B55192209E989E00555273 /* Project object */;
}
